// !$*UTF8*$!
{
	archiveVersion = 1;
	classes = {
	};
	objectVersion = 50;
	objects = {

/* Begin PBXBuildFile section */
		3DAA8F8B2522888600D9E007 /* AppDelegate.swift in Sources */ = {isa = PBXBuildFile; fileRef = 3DAA8F8A2522888600D9E007 /* AppDelegate.swift */; };
		3DAA8F8D2522888600D9E007 /* ViewController.swift in Sources */ = {isa = PBXBuildFile; fileRef = 3DAA8F8C2522888600D9E007 /* ViewController.swift */; };
		3DAA8F902522888600D9E007 /* Main.storyboard in Resources */ = {isa = PBXBuildFile; fileRef = 3DAA8F8E2522888600D9E007 /* Main.storyboard */; };
		3DAA8F922522888800D9E007 /* Assets.xcassets in Resources */ = {isa = PBXBuildFile; fileRef = 3DAA8F912522888800D9E007 /* Assets.xcassets */; };
		3DAA8F952522888800D9E007 /* LaunchScreen.storyboard in Resources */ = {isa = PBXBuildFile; fileRef = 3DAA8F932522888800D9E007 /* LaunchScreen.storyboard */; };
		3DAA8FA02522888800D9E007 /* pruebaTests.swift in Sources */ = {isa = PBXBuildFile; fileRef = 3DAA8F9F2522888800D9E007 /* pruebaTests.swift */; };
		3DAA8FAB2522888800D9E007 /* pruebaUITests.swift in Sources */ = {isa = PBXBuildFile; fileRef = 3DAA8FAA2522888800D9E007 /* pruebaUITests.swift */; };
/* End PBXBuildFile section */

/* Begin PBXContainerItemProxy section */
		3DAA8F9C2522888800D9E007 /* PBXContainerItemProxy */ = {
			isa = PBXContainerItemProxy;
			containerPortal = 3DAA8F7F2522888600D9E007 /* Project object */;
			proxyType = 1;
			remoteGlobalIDString = 3DAA8F862522888600D9E007;
			remoteInfo = prueba;
		};
		3DAA8FA72522888800D9E007 /* PBXContainerItemProxy */ = {
			isa = PBXContainerItemProxy;
			containerPortal = 3DAA8F7F2522888600D9E007 /* Project object */;
			proxyType = 1;
			remoteGlobalIDString = 3DAA8F862522888600D9E007;
			remoteInfo = prueba;
		};
/* End PBXContainerItemProxy section */

/* Begin PBXFileReference section */
		3DAA8F872522888600D9E007 /* prueba.app */ = {isa = PBXFileReference; explicitFileType = wrapper.application; includeInIndex = 0; path = prueba.app; sourceTree = BUILT_PRODUCTS_DIR; };
		3DAA8F8A2522888600D9E007 /* AppDelegate.swift */ = {isa = PBXFileReference; lastKnownFileType = sourcecode.swift; path = AppDelegate.swift; sourceTree = "<group>"; };
		3DAA8F8C2522888600D9E007 /* ViewController.swift */ = {isa = PBXFileReference; lastKnownFileType = sourcecode.swift; path = ViewController.swift; sourceTree = "<group>"; };
		3DAA8F8F2522888600D9E007 /* Base */ = {isa = PBXFileReference; lastKnownFileType = file.storyboard; name = Base; path = Base.lproj/Main.storyboard; sourceTree = "<group>"; };
		3DAA8F912522888800D9E007 /* Assets.xcassets */ = {isa = PBXFileReference; lastKnownFileType = folder.assetcatalog; path = Assets.xcassets; sourceTree = "<group>"; };
		3DAA8F942522888800D9E007 /* Base */ = {isa = PBXFileReference; lastKnownFileType = file.storyboard; name = Base; path = Base.lproj/LaunchScreen.storyboard; sourceTree = "<group>"; };
		3DAA8F962522888800D9E007 /* Info.plist */ = {isa = PBXFileReference; lastKnownFileType = text.plist.xml; path = Info.plist; sourceTree = "<group>"; };
		3DAA8F9B2522888800D9E007 /* pruebaTests.xctest */ = {isa = PBXFileReference; explicitFileType = wrapper.cfbundle; includeInIndex = 0; path = pruebaTests.xctest; sourceTree = BUILT_PRODUCTS_DIR; };
		3DAA8F9F2522888800D9E007 /* pruebaTests.swift */ = {isa = PBXFileReference; lastKnownFileType = sourcecode.swift; path = pruebaTests.swift; sourceTree = "<group>"; };
		3DAA8FA12522888800D9E007 /* Info.plist */ = {isa = PBXFileReference; lastKnownFileType = text.plist.xml; path = Info.plist; sourceTree = "<group>"; };
		3DAA8FA62522888800D9E007 /* pruebaUITests.xctest */ = {isa = PBXFileReference; explicitFileType = wrapper.cfbundle; includeInIndex = 0; path = pruebaUITests.xctest; sourceTree = BUILT_PRODUCTS_DIR; };
		3DAA8FAA2522888800D9E007 /* pruebaUITests.swift */ = {isa = PBXFileReference; lastKnownFileType = sourcecode.swift; path = pruebaUITests.swift; sourceTree = "<group>"; };
		3DAA8FAC2522888800D9E007 /* Info.plist */ = {isa = PBXFileReference; lastKnownFileType = text.plist.xml; path = Info.plist; sourceTree = "<group>"; };
/* End PBXFileReference section */

/* Begin PBXFrameworksBuildPhase section */
		3DAA8F842522888600D9E007 /* Frameworks */ = {
			isa = PBXFrameworksBuildPhase;
			buildActionMask = 2147483647;
			files = (
			);
			runOnlyForDeploymentPostprocessing = 0;
		};
		3DAA8F982522888800D9E007 /* Frameworks */ = {
			isa = PBXFrameworksBuildPhase;
			buildActionMask = 2147483647;
			files = (
			);
			runOnlyForDeploymentPostprocessing = 0;
		};
		3DAA8FA32522888800D9E007 /* Frameworks */ = {
			isa = PBXFrameworksBuildPhase;
			buildActionMask = 2147483647;
			files = (
			);
			runOnlyForDeploymentPostprocessing = 0;
		};
/* End PBXFrameworksBuildPhase section */

/* Begin PBXGroup section */
		3DAA8F7E2522888600D9E007 = {
			isa = PBXGroup;
			children = (
				3DAA8F892522888600D9E007 /* prueba */,
				3DAA8F9E2522888800D9E007 /* pruebaTests */,
				3DAA8FA92522888800D9E007 /* pruebaUITests */,
				3DAA8F882522888600D9E007 /* Products */,
			);
			sourceTree = "<group>";
		};
		3DAA8F882522888600D9E007 /* Products */ = {
			isa = PBXGroup;
			children = (
				3DAA8F872522888600D9E007 /* prueba.app */,
				3DAA8F9B2522888800D9E007 /* pruebaTests.xctest */,
				3DAA8FA62522888800D9E007 /* pruebaUITests.xctest */,
			);
			name = Products;
			sourceTree = "<group>";
		};
		3DAA8F892522888600D9E007 /* prueba */ = {
			isa = PBXGroup;
			children = (
				3DAA8F8A2522888600D9E007 /* AppDelegate.swift */,
				3DAA8F8C2522888600D9E007 /* ViewController.swift */,
				3DAA8F8E2522888600D9E007 /* Main.storyboard */,
				3DAA8F912522888800D9E007 /* Assets.xcassets */,
				3DAA8F932522888800D9E007 /* LaunchScreen.storyboard */,
				3DAA8F962522888800D9E007 /* Info.plist */,
			);
			path = prueba;
			sourceTree = "<group>";
		};
		3DAA8F9E2522888800D9E007 /* pruebaTests */ = {
			isa = PBXGroup;
			children = (
				3DAA8F9F2522888800D9E007 /* pruebaTests.swift */,
				3DAA8FA12522888800D9E007 /* Info.plist */,
			);
			path = pruebaTests;
			sourceTree = "<group>";
		};
		3DAA8FA92522888800D9E007 /* pruebaUITests */ = {
			isa = PBXGroup;
			children = (
				3DAA8FAA2522888800D9E007 /* pruebaUITests.swift */,
				3DAA8FAC2522888800D9E007 /* Info.plist */,
			);
			path = pruebaUITests;
			sourceTree = "<group>";
		};
/* End PBXGroup section */

/* Begin PBXNativeTarget section */
		3DAA8F862522888600D9E007 /* prueba */ = {
			isa = PBXNativeTarget;
			buildConfigurationList = 3DAA8FAF2522888800D9E007 /* Build configuration list for PBXNativeTarget "prueba" */;
			buildPhases = (
				3DAA8F832522888600D9E007 /* Sources */,
				3DAA8F842522888600D9E007 /* Frameworks */,
				3DAA8F852522888600D9E007 /* Resources */,
			);
			buildRules = (
			);
			dependencies = (
			);
			name = prueba;
			productName = prueba;
			productReference = 3DAA8F872522888600D9E007 /* prueba.app */;
			productType = "com.apple.product-type.application";
		};
		3DAA8F9A2522888800D9E007 /* pruebaTests */ = {
			isa = PBXNativeTarget;
			buildConfigurationList = 3DAA8FB22522888800D9E007 /* Build configuration list for PBXNativeTarget "pruebaTests" */;
			buildPhases = (
				3DAA8F972522888800D9E007 /* Sources */,
				3DAA8F982522888800D9E007 /* Frameworks */,
				3DAA8F992522888800D9E007 /* Resources */,
			);
			buildRules = (
			);
			dependencies = (
				3DAA8F9D2522888800D9E007 /* PBXTargetDependency */,
			);
			name = pruebaTests;
			productName = pruebaTests;
			productReference = 3DAA8F9B2522888800D9E007 /* pruebaTests.xctest */;
			productType = "com.apple.product-type.bundle.unit-test";
		};
		3DAA8FA52522888800D9E007 /* pruebaUITests */ = {
			isa = PBXNativeTarget;
			buildConfigurationList = 3DAA8FB52522888800D9E007 /* Build configuration list for PBXNativeTarget "pruebaUITests" */;
			buildPhases = (
				3DAA8FA22522888800D9E007 /* Sources */,
				3DAA8FA32522888800D9E007 /* Frameworks */,
				3DAA8FA42522888800D9E007 /* Resources */,
			);
			buildRules = (
			);
			dependencies = (
				3DAA8FA82522888800D9E007 /* PBXTargetDependency */,
			);
			name = pruebaUITests;
			productName = pruebaUITests;
			productReference = 3DAA8FA62522888800D9E007 /* pruebaUITests.xctest */;
			productType = "com.apple.product-type.bundle.ui-testing";
		};
/* End PBXNativeTarget section */

/* Begin PBXProject section */
		3DAA8F7F2522888600D9E007 /* Project object */ = {
			isa = PBXProject;
			attributes = {
				LastSwiftUpdateCheck = 1030;
				LastUpgradeCheck = 1030;
				ORGANIZATIONNAME = Alumno;
				TargetAttributes = {
					3DAA8F862522888600D9E007 = {
						CreatedOnToolsVersion = 10.3;
					};
					3DAA8F9A2522888800D9E007 = {
						CreatedOnToolsVersion = 10.3;
						TestTargetID = 3DAA8F862522888600D9E007;
					};
					3DAA8FA52522888800D9E007 = {
						CreatedOnToolsVersion = 10.3;
						TestTargetID = 3DAA8F862522888600D9E007;
					};
				};
			};
			buildConfigurationList = 3DAA8F822522888600D9E007 /* Build configuration list for PBXProject "prueba" */;
			compatibilityVersion = "Xcode 9.3";
			developmentRegion = en;
			hasScannedForEncodings = 0;
			knownRegions = (
				en,
				Base,
			);
			mainGroup = 3DAA8F7E2522888600D9E007;
			productRefGroup = 3DAA8F882522888600D9E007 /* Products */;
			projectDirPath = "";
			projectRoot = "";
			targets = (
				3DAA8F862522888600D9E007 /* prueba */,
				3DAA8F9A2522888800D9E007 /* pruebaTests */,
				3DAA8FA52522888800D9E007 /* pruebaUITests */,
			);
		};
/* End PBXProject section */

/* Begin PBXResourcesBuildPhase section */
		3DAA8F852522888600D9E007 /* Resources */ = {
			isa = PBXResourcesBuildPhase;
			buildActionMask = 2147483647;
			files = (
				3DAA8F952522888800D9E007 /* LaunchScreen.storyboard in Resources */,
				3DAA8F922522888800D9E007 /* Assets.xcassets in Resources */,
				3DAA8F902522888600D9E007 /* Main.storyboard in Resources */,
			);
			runOnlyForDeploymentPostprocessing = 0;
		};
		3DAA8F992522888800D9E007 /* Resources */ = {
			isa = PBXResourcesBuildPhase;
			buildActionMask = 2147483647;
			files = (
			);
			runOnlyForDeploymentPostprocessing = 0;
		};
		3DAA8FA42522888800D9E007 /* Resources */ = {
			isa = PBXResourcesBuildPhase;
			buildActionMask = 2147483647;
			files = (
			);
			runOnlyForDeploymentPostprocessing = 0;
		};
/* End PBXResourcesBuildPhase section */

/* Begin PBXSourcesBuildPhase section */
		3DAA8F832522888600D9E007 /* Sources */ = {
			isa = PBXSourcesBuildPhase;
			buildActionMask = 2147483647;
			files = (
				3DAA8F8D2522888600D9E007 /* ViewController.swift in Sources */,
				3DAA8F8B2522888600D9E007 /* AppDelegate.swift in Sources */,
			);
			runOnlyForDeploymentPostprocessing = 0;
		};
		3DAA8F972522888800D9E007 /* Sources */ = {
			isa = PBXSourcesBuildPhase;
			buildActionMask = 2147483647;
			files = (
				3DAA8FA02522888800D9E007 /* pruebaTests.swift in Sources */,
			);
			runOnlyForDeploymentPostprocessing = 0;
		};
		3DAA8FA22522888800D9E007 /* Sources */ = {
			isa = PBXSourcesBuildPhase;
			buildActionMask = 2147483647;
			files = (
				3DAA8FAB2522888800D9E007 /* pruebaUITests.swift in Sources */,
			);
			runOnlyForDeploymentPostprocessing = 0;
		};
/* End PBXSourcesBuildPhase section */

/* Begin PBXTargetDependency section */
		3DAA8F9D2522888800D9E007 /* PBXTargetDependency */ = {
			isa = PBXTargetDependency;
			target = 3DAA8F862522888600D9E007 /* prueba */;
			targetProxy = 3DAA8F9C2522888800D9E007 /* PBXContainerItemProxy */;
		};
		3DAA8FA82522888800D9E007 /* PBXTargetDependency */ = {
			isa = PBXTargetDependency;
			target = 3DAA8F862522888600D9E007 /* prueba */;
			targetProxy = 3DAA8FA72522888800D9E007 /* PBXContainerItemProxy */;
		};
/* End PBXTargetDependency section */

/* Begin PBXVariantGroup section */
		3DAA8F8E2522888600D9E007 /* Main.storyboard */ = {
			isa = PBXVariantGroup;
			children = (
				3DAA8F8F2522888600D9E007 /* Base */,
			);
			name = Main.storyboard;
			sourceTree = "<group>";
		};
		3DAA8F932522888800D9E007 /* LaunchScreen.storyboard */ = {
			isa = PBXVariantGroup;
			children = (
				3DAA8F942522888800D9E007 /* Base */,
			);
			name = LaunchScreen.storyboard;
			sourceTree = "<group>";
		};
/* End PBXVariantGroup section */

/* Begin XCBuildConfiguration section */
		3DAA8FAD2522888800D9E007 /* Debug */ = {
			isa = XCBuildConfiguration;
			buildSettings = {
				ALWAYS_SEARCH_USER_PATHS = NO;
				CLANG_ANALYZER_NONNULL = YES;
				CLANG_ANALYZER_NUMBER_OBJECT_CONVERSION = YES_AGGRESSIVE;
				CLANG_CXX_LANGUAGE_STANDARD = "gnu++14";
				CLANG_CXX_LIBRARY = "libc++";
				CLANG_ENABLE_MODULES = YES;
				CLANG_ENABLE_OBJC_ARC = YES;
				CLANG_ENABLE_OBJC_WEAK = YES;
				CLANG_WARN_BLOCK_CAPTURE_AUTORELEASING = YES;
				CLANG_WARN_BOOL_CONVERSION = YES;
				CLANG_WARN_COMMA = YES;
				CLANG_WARN_CONSTANT_CONVERSION = YES;
				CLANG_WARN_DEPRECATED_OBJC_IMPLEMENTATIONS = YES;
				CLANG_WARN_DIRECT_OBJC_ISA_USAGE = YES_ERROR;
				CLANG_WARN_DOCUMENTATION_COMMENTS = YES;
				CLANG_WARN_EMPTY_BODY = YES;
				CLANG_WARN_ENUM_CONVERSION = YES;
				CLANG_WARN_INFINITE_RECURSION = YES;
				CLANG_WARN_INT_CONVERSION = YES;
				CLANG_WARN_NON_LITERAL_NULL_CONVERSION = YES;
				CLANG_WARN_OBJC_IMPLICIT_RETAIN_SELF = YES;
				CLANG_WARN_OBJC_LITERAL_CONVERSION = YES;
				CLANG_WARN_OBJC_ROOT_CLASS = YES_ERROR;
				CLANG_WARN_RANGE_LOOP_ANALYSIS = YES;
				CLANG_WARN_STRICT_PROTOTYPES = YES;
				CLANG_WARN_SUSPICIOUS_MOVE = YES;
				CLANG_WARN_UNGUARDED_AVAILABILITY = YES_AGGRESSIVE;
				CLANG_WARN_UNREACHABLE_CODE = YES;
				CLANG_WARN__DUPLICATE_METHOD_MATCH = YES;
				CODE_SIGN_IDENTITY = "iPhone Developer";
				COPY_PHASE_STRIP = NO;
				DEBUG_INFORMATION_FORMAT = dwarf;
				ENABLE_STRICT_OBJC_MSGSEND = YES;
				ENABLE_TESTABILITY = YES;
				GCC_C_LANGUAGE_STANDARD = gnu11;
				GCC_DYNAMIC_NO_PIC = NO;
				GCC_NO_COMMON_BLOCKS = YES;
				GCC_OPTIMIZATION_LEVEL = 0;
				GCC_PREPROCESSOR_DEFINITIONS = (
					"DEBUG=1",
					"$(inherited)",
				);
				GCC_WARN_64_TO_32_BIT_CONVERSION = YES;
				GCC_WARN_ABOUT_RETURN_TYPE = YES_ERROR;
				GCC_WARN_UNDECLARED_SELECTOR = YES;
				GCC_WARN_UNINITIALIZED_AUTOS = YES_AGGRESSIVE;
				GCC_WARN_UNUSED_FUNCTION = YES;
				GCC_WARN_UNUSED_VARIABLE = YES;
				IPHONEOS_DEPLOYMENT_TARGET = 12.4;
				MTL_ENABLE_DEBUG_INFO = INCLUDE_SOURCE;
				MTL_FAST_MATH = YES;
				ONLY_ACTIVE_ARCH = YES;
				SDKROOT = iphoneos;
				SWIFT_ACTIVE_COMPILATION_CONDITIONS = DEBUG;
				SWIFT_OPTIMIZATION_LEVEL = "-Onone";
			};
			name = Debug;
		};
		3DAA8FAE2522888800D9E007 /* Release */ = {
			isa = XCBuildConfiguration;
			buildSettings = {
				ALWAYS_SEARCH_USER_PATHS = NO;
				CLANG_ANALYZER_NONNULL = YES;
				CLANG_ANALYZER_NUMBER_OBJECT_CONVERSION = YES_AGGRESSIVE;
				CLANG_CXX_LANGUAGE_STANDARD = "gnu++14";
				CLANG_CXX_LIBRARY = "libc++";
				CLANG_ENABLE_MODULES = YES;
				CLANG_ENABLE_OBJC_ARC = YES;
				CLANG_ENABLE_OBJC_WEAK = YES;
				CLANG_WARN_BLOCK_CAPTURE_AUTORELEASING = YES;
				CLANG_WARN_BOOL_CONVERSION = YES;
				CLANG_WARN_COMMA = YES;
				CLANG_WARN_CONSTANT_CONVERSION = YES;
				CLANG_WARN_DEPRECATED_OBJC_IMPLEMENTATIONS = YES;
				CLANG_WARN_DIRECT_OBJC_ISA_USAGE = YES_ERROR;
				CLANG_WARN_DOCUMENTATION_COMMENTS = YES;
				CLANG_WARN_EMPTY_BODY = YES;
				CLANG_WARN_ENUM_CONVERSION = YES;
				CLANG_WARN_INFINITE_RECURSION = YES;
				CLANG_WARN_INT_CONVERSION = YES;
				CLANG_WARN_NON_LITERAL_NULL_CONVERSION = YES;
				CLANG_WARN_OBJC_IMPLICIT_RETAIN_SELF = YES;
				CLANG_WARN_OBJC_LITERAL_CONVERSION = YES;
				CLANG_WARN_OBJC_ROOT_CLASS = YES_ERROR;
				CLANG_WARN_RANGE_LOOP_ANALYSIS = YES;
				CLANG_WARN_STRICT_PROTOTYPES = YES;
				CLANG_WARN_SUSPICIOUS_MOVE = YES;
				CLANG_WARN_UNGUARDED_AVAILABILITY = YES_AGGRESSIVE;
				CLANG_WARN_UNREACHABLE_CODE = YES;
				CLANG_WARN__DUPLICATE_METHOD_MATCH = YES;
				CODE_SIGN_IDENTITY = "iPhone Developer";
				COPY_PHASE_STRIP = NO;
				DEBUG_INFORMATION_FORMAT = "dwarf-with-dsym";
				ENABLE_NS_ASSERTIONS = NO;
				ENABLE_STRICT_OBJC_MSGSEND = YES;
				GCC_C_LANGUAGE_STANDARD = gnu11;
				GCC_NO_COMMON_BLOCKS = YES;
				GCC_WARN_64_TO_32_BIT_CONVERSION = YES;
				GCC_WARN_ABOUT_RETURN_TYPE = YES_ERROR;
				GCC_WARN_UNDECLARED_SELECTOR = YES;
				GCC_WARN_UNINITIALIZED_AUTOS = YES_AGGRESSIVE;
				GCC_WARN_UNUSED_FUNCTION = YES;
				GCC_WARN_UNUSED_VARIABLE = YES;
				IPHONEOS_DEPLOYMENT_TARGET = 12.4;
				MTL_ENABLE_DEBUG_INFO = NO;
				MTL_FAST_MATH = YES;
				SDKROOT = iphoneos;
				SWIFT_COMPILATION_MODE = wholemodule;
				SWIFT_OPTIMIZATION_LEVEL = "-O";
				VALIDATE_PRODUCT = YES;
			};
			name = Release;
		};
		3DAA8FB02522888800D9E007 /* Debug */ = {
			isa = XCBuildConfiguration;
			buildSettings = {
				ASSETCATALOG_COMPILER_APPICON_NAME = AppIcon;
				CODE_SIGN_STYLE = Automatic;
				INFOPLIST_FILE = prueba/Info.plist;
				LD_RUNPATH_SEARCH_PATHS = (
					"$(inherited)",
					"@executable_path/Frameworks",
				);
				PRODUCT_BUNDLE_IDENTIFIER = edu.ulsa.prueba;
				PRODUCT_NAME = "$(TARGET_NAME)";
				SWIFT_VERSION = 5.0;
				TARGETED_DEVICE_FAMILY = "1,2";
			};
			name = Debug;
		};
		3DAA8FB12522888800D9E007 /* Release */ = {
			isa = XCBuildConfiguration;
			buildSettings = {
				ASSETCATALOG_COMPILER_APPICON_NAME = AppIcon;
				CODE_SIGN_STYLE = Automatic;
				INFOPLIST_FILE = prueba/Info.plist;
				LD_RUNPATH_SEARCH_PATHS = (
					"$(inherited)",
					"@executable_path/Frameworks",
				);
				PRODUCT_BUNDLE_IDENTIFIER = edu.ulsa.prueba;
				PRODUCT_NAME = "$(TARGET_NAME)";
				SWIFT_VERSION = 5.0;
				TARGETED_DEVICE_FAMILY = "1,2";
			};
			name = Release;
		};
		3DAA8FB32522888800D9E007 /* Debug */ = {
			isa = XCBuildConfiguration;
			buildSettings = {
				ALWAYS_EMBED_SWIFT_STANDARD_LIBRARIES = YES;
				BUNDLE_LOADER = "$(TEST_HOST)";
				CODE_SIGN_STYLE = Automatic;
				INFOPLIST_FILE = pruebaTests/Info.plist;
				LD_RUNPATH_SEARCH_PATHS = (
					"$(inherited)",
					"@executable_path/Frameworks",
					"@loader_path/Frameworks",
				);
				PRODUCT_BUNDLE_IDENTIFIER = edu.ulsa.pruebaTests;
				PRODUCT_NAME = "$(TARGET_NAME)";
				SWIFT_VERSION = 5.0;
				TARGETED_DEVICE_FAMILY = "1,2";
				TEST_HOST = "$(BUILT_PRODUCTS_DIR)/prueba.app/prueba";
			};
			name = Debug;
		};
		3DAA8FB42522888800D9E007 /* Release */ = {
			isa = XCBuildConfiguration;
			buildSettings = {
				ALWAYS_EMBED_SWIFT_STANDARD_LIBRARIES = YES;
				BUNDLE_LOADER = "$(TEST_HOST)";
				CODE_SIGN_STYLE = Automatic;
				INFOPLIST_FILE = pruebaTests/Info.plist;
				LD_RUNPATH_SEARCH_PATHS = (
					"$(inherited)",
					"@executable_path/Frameworks",
					"@loader_path/Frameworks",
				);
				PRODUCT_BUNDLE_IDENTIFIER = edu.ulsa.pruebaTests;
				PRODUCT_NAME = "$(TARGET_NAME)";
				SWIFT_VERSION = 5.0;
				TARGETED_DEVICE_FAMILY = "1,2";
				TEST_HOST = "$(BUILT_PRODUCTS_DIR)/prueba.app/prueba";
			};
			name = Release;
		};
		3DAA8FB62522888800D9E007 /* Debug */ = {
			isa = XCBuildConfiguration;
			buildSettings = {
				ALWAYS_EMBED_SWIFT_STANDARD_LIBRARIES = YES;
				CODE_SIGN_STYLE = Automatic;
				INFOPLIST_FILE = pruebaUITests/Info.plist;
				LD_RUNPATH_SEARCH_PATHS = (
					"$(inherited)",
					"@executable_path/Frameworks",
					"@loader_path/Frameworks",
				);
				PRODUCT_BUNDLE_IDENTIFIER = edu.ulsa.pruebaUITests;
				PRODUCT_NAME = "$(TARGET_NAME)";
				SWIFT_VERSION = 5.0;
				TARGETED_DEVICE_FAMILY = "1,2";
				TEST_TARGET_NAME = prueba;
			};
			name = Debug;
		};
		3DAA8FB72522888800D9E007 /* Release */ = {
			isa = XCBuildConfiguration;
			buildSettings = {
				ALWAYS_EMBED_SWIFT_STANDARD_LIBRARIES = YES;
				CODE_SIGN_STYLE = Automatic;
				INFOPLIST_FILE = pruebaUITests/Info.plist;
				LD_RUNPATH_SEARCH_PATHS = (
					"$(inherited)",
					"@executable_path/Frameworks",
					"@loader_path/Frameworks",
				);
				PRODUCT_BUNDLE_IDENTIFIER = edu.ulsa.pruebaUITests;
				PRODUCT_NAME = "$(TARGET_NAME)";
				SWIFT_VERSION = 5.0;
				TARGETED_DEVICE_FAMILY = "1,2";
				TEST_TARGET_NAME = prueba;
			};
			name = Release;
		};
/* End XCBuildConfiguration section */

/* Begin XCConfigurationList section */
		3DAA8F822522888600D9E007 /* Build configuration list for PBXProject "prueba" */ = {
			isa = XCConfigurationList;
			buildConfigurations = (
				3DAA8FAD2522888800D9E007 /* Debug */,
				3DAA8FAE2522888800D9E007 /* Release */,
			);
			defaultConfigurationIsVisible = 0;
			defaultConfigurationName = Release;
		};
		3DAA8FAF2522888800D9E007 /* Build configuration list for PBXNativeTarget "prueba" */ = {
			isa = XCConfigurationList;
			buildConfigurations = (
				3DAA8FB02522888800D9E007 /* Debug */,
				3DAA8FB12522888800D9E007 /* Release */,
			);
			defaultConfigurationIsVisible = 0;
			defaultConfigurationName = Release;
		};
		3DAA8FB22522888800D9E007 /* Build configuration list for PBXNativeTarget "pruebaTests" */ = {
			isa = XCConfigurationList;
			buildConfigurations = (
				3DAA8FB32522888800D9E007 /* Debug */,
				3DAA8FB42522888800D9E007 /* Release */,
			);
			defaultConfigurationIsVisible = 0;
			defaultConfigurationName = Release;
		};
		3DAA8FB52522888800D9E007 /* Build configuration list for PBXNativeTarget "pruebaUITests" */ = {
			isa = XCConfigurationList;
			buildConfigurations = (
				3DAA8FB62522888800D9E007 /* Debug */,
				3DAA8FB72522888800D9E007 /* Release */,
			);
			defaultConfigurationIsVisible = 0;
			defaultConfigurationName = Release;
		};
/* End XCConfigurationList section */
	};
	rootObject = 3DAA8F7F2522888600D9E007 /* Project object */;
}
